
Microsoft Visual Studio Solution File, Format Version 12.00
# Visual Studio Version 16
VisualStudioVersion = 16.0.31402.337
MinimumVisualStudioVersion = 10.0.40219.1
Project("{FAE04EC0-301F-11D3-BF4B-00C04F79EFBC}") = "RegexPractice", "RegexPractice.csproj", "{50F92698-B898-48EC-A482-3BD30B0E7B0D}"
EndProject
Global
	GlobalSection(SolutionConfigurationPlatforms) = preSolution
		Debug|Any CPU = Debug|Any CPU
		Release|Any CPU = Release|Any CPU
	EndGlobalSection
	GlobalSection(ProjectConfigurationPlatforms) = postSolution
		{50F92698-B898-48EC-A482-3BD30B0E7B0D}.Debug|Any CPU.ActiveCfg = Debug|Any CPU
		{50F92698-B898-48EC-A482-3BD30B0E7B0D}.Debug|Any CPU.Build.0 = Debug|Any CPU
		{50F92698-B898-48EC-A482-3BD30B0E7B0D}.Release|Any CPU.ActiveCfg = Release|Any CPU
		{50F92698-B898-48EC-A482-3BD30B0E7B0D}.Release|Any CPU.Build.0 = Release|Any CPU
	EndGlobalSection
	GlobalSection(SolutionProperties) = preSolution
		HideSolutionNode = FALSE
	EndGlobalSection
	GlobalSection(ExtensibilityGlobals) = postSolution
		SolutionGuid = {4743609E-A53D-4F34-80AF-ABE52D0B22C0}
	EndGlobalSection
EndGlobal
